
Microsoft Visual Studio Solution File, Format Version 10.00
# Visual C++ Express 2008
Project("{8BC9CEB8-8B4A-11D0-8D11-00A0C91BC942}") = "OSCeleton", "src\OSCeleton.vcproj", "{380A9355-E839-4F55-98B1-B33D0CCA4340}"
	ProjectSection(ProjectDependencies) = postProject
		{FB8CF783-12C2-AD48-B0E9-DA7DF5EB719B} = {FB8CF783-12C2-AD48-B0E9-DA7DF5EB719B}
	EndProjectSection
EndProject
Project("{8BC9CEB8-8B4A-11D0-8D11-00A0C91BC942}") = "liblo", "liblo-0.26-modified\build\vs2008\liblo.vcproj", "{FB8CF783-12C2-AD48-B0E9-DA7DF5EB719B}"
EndProject
Global
	GlobalSection(SolutionConfigurationPlatforms) = preSolution
		Debug|Win32 = Debug|Win32
		DebugDLL|Win32 = DebugDLL|Win32
		DebugLib|Win32 = DebugLib|Win32
		Release|Win32 = Release|Win32
		ReleaseDLL|Win32 = ReleaseDLL|Win32
		ReleaseLib|Win32 = ReleaseLib|Win32
	EndGlobalSection
	GlobalSection(ProjectConfigurationPlatforms) = postSolution
		{380A9355-E839-4F55-98B1-B33D0CCA4340}.Debug|Win32.ActiveCfg = Debug|Win32
		{380A9355-E839-4F55-98B1-B33D0CCA4340}.Debug|Win32.Build.0 = Debug|Win32
		{380A9355-E839-4F55-98B1-B33D0CCA4340}.DebugDLL|Win32.ActiveCfg = Debug|Win32
		{380A9355-E839-4F55-98B1-B33D0CCA4340}.DebugDLL|Win32.Build.0 = Debug|Win32
		{380A9355-E839-4F55-98B1-B33D0CCA4340}.DebugLib|Win32.ActiveCfg = Debug|Win32
		{380A9355-E839-4F55-98B1-B33D0CCA4340}.DebugLib|Win32.Build.0 = Debug|Win32
		{380A9355-E839-4F55-98B1-B33D0CCA4340}.Release|Win32.ActiveCfg = Release|Win32
		{380A9355-E839-4F55-98B1-B33D0CCA4340}.Release|Win32.Build.0 = Release|Win32
		{380A9355-E839-4F55-98B1-B33D0CCA4340}.ReleaseDLL|Win32.ActiveCfg = Release|Win32
		{380A9355-E839-4F55-98B1-B33D0CCA4340}.ReleaseDLL|Win32.Build.0 = Release|Win32
		{380A9355-E839-4F55-98B1-B33D0CCA4340}.ReleaseLib|Win32.ActiveCfg = Release|Win32
		{380A9355-E839-4F55-98B1-B33D0CCA4340}.ReleaseLib|Win32.Build.0 = Release|Win32
		{FB8CF783-12C2-AD48-B0E9-DA7DF5EB719B}.Debug|Win32.ActiveCfg = DebugLib|Win32
		{FB8CF783-12C2-AD48-B0E9-DA7DF5EB719B}.Debug|Win32.Build.0 = DebugLib|Win32
		{FB8CF783-12C2-AD48-B0E9-DA7DF5EB719B}.DebugDLL|Win32.ActiveCfg = DebugDLL|Win32
		{FB8CF783-12C2-AD48-B0E9-DA7DF5EB719B}.DebugDLL|Win32.Build.0 = DebugDLL|Win32
		{FB8CF783-12C2-AD48-B0E9-DA7DF5EB719B}.DebugLib|Win32.ActiveCfg = DebugLib|Win32
		{FB8CF783-12C2-AD48-B0E9-DA7DF5EB719B}.DebugLib|Win32.Build.0 = DebugLib|Win32
		{FB8CF783-12C2-AD48-B0E9-DA7DF5EB719B}.Release|Win32.ActiveCfg = ReleaseLib|Win32
		{FB8CF783-12C2-AD48-B0E9-DA7DF5EB719B}.Release|Win32.Build.0 = ReleaseLib|Win32
		{FB8CF783-12C2-AD48-B0E9-DA7DF5EB719B}.ReleaseDLL|Win32.ActiveCfg = ReleaseDLL|Win32
		{FB8CF783-12C2-AD48-B0E9-DA7DF5EB719B}.ReleaseDLL|Win32.Build.0 = ReleaseDLL|Win32
		{FB8CF783-12C2-AD48-B0E9-DA7DF5EB719B}.ReleaseLib|Win32.ActiveCfg = ReleaseLib|Win32
		{FB8CF783-12C2-AD48-B0E9-DA7DF5EB719B}.ReleaseLib|Win32.Build.0 = ReleaseLib|Win32
	EndGlobalSection
	GlobalSection(SolutionProperties) = preSolution
		HideSolutionNode = FALSE
	EndGlobalSection
EndGlobal
