
Microsoft Visual Studio Solution File, Format Version 10.00
# Visual C++ Express 2008
Project("{8BC9CEB8-8B4A-11D0-8D11-00A0C91BC942}") = "OSCeleton", "OSCeleton\OSCeleton.vcproj", "{380A9355-E839-4F55-98B1-B33D0CCA4340}"
EndProject
Global
	GlobalSection(SolutionConfigurationPlatforms) = preSolution
		Debug|Win32 = Debug|Win32
		Release|Win32 = Release|Win32
	EndGlobalSection
	GlobalSection(ProjectConfigurationPlatforms) = postSolution
		{380A9355-E839-4F55-98B1-B33D0CCA4340}.Debug|Win32.ActiveCfg = Debug|Win32
		{380A9355-E839-4F55-98B1-B33D0CCA4340}.Debug|Win32.Build.0 = Debug|Win32
		{380A9355-E839-4F55-98B1-B33D0CCA4340}.Release|Win32.ActiveCfg = Release|Win32
		{380A9355-E839-4F55-98B1-B33D0CCA4340}.Release|Win32.Build.0 = Release|Win32
	EndGlobalSection
	GlobalSection(SolutionProperties) = preSolution
		HideSolutionNode = FALSE
	EndGlobalSection
EndGlobal
